# THIS IS AN AUTOGENERATED FILE. DO NOT EDIT THIS FILE DIRECTLY.
# yarn lockfile v1


commander@2:
  version "2.20.3"
  resolved "https://registry.yarnpkg.com/commander/-/commander-2.20.3.tgz#fd485e84c03eb4881c20722ba48035e8531aeb33"
  integrity sha512-GpVkmM8vF2vQUkj2LvZmD35JxeJOLCwJ9cUkugyk2nuhbv3+mJvpLYYt+0+USMxE+oj+ey/lJEnhZw75x/OMcQ==

d3-array@1:
  version "1.2.4"
  resolved "https://registry.yarnpkg.com/d3-array/-/d3-array-1.2.4.tgz#635ce4d5eea759f6f605863dbcfc30edc737f71f"
  integrity sha512-KHW6M86R+FUPYGb3R5XiYjXPq7VzwxZ22buHhAEVG5ztoEcZZMLov530mmccaqA1GghZArjQV46fuc8kUqhhHw==

"d3-array@1.2.0 - 2", d3-array@^2.0.3, d3-array@^2.3.3, d3-array@^2.4.0:
  version "2.4.0"
  resolved "https://registry.yarnpkg.com/d3-array/-/d3-array-2.4.0.tgz#87f8b9ad11088769c82b5ea846bcb1cc9393f242"
  integrity sha512-KQ41bAF2BMakf/HdKT865ALd4cgND6VcIztVQZUTt0+BH3RWy6ZYnHghVXf6NFjt2ritLr8H1T8LreAAlfiNcw==

d3-color@1, d3-color@^1.4.0:
  version "1.4.0"
  resolved "https://registry.yarnpkg.com/d3-color/-/d3-color-1.4.0.tgz#89c45a995ed773b13314f06460df26d60ba0ecaf"
  integrity sha512-TzNPeJy2+iEepfiL92LAAB7fvnp/dV2YwANPVHdDWmYMm23qIJBYww3qT8I8C1wXrmrg4UWs7BKc2tKIgyjzHg==

d3-delaunay@^5.1.3:
  version "5.1.6"
  resolved "https://registry.yarnpkg.com/d3-delaunay/-/d3-delaunay-5.1.6.tgz#343d6140ede76003d92e152beedd459c501f9310"
  integrity sha512-VF6bxon2bn1cdXuesInEtVKlE4aUfq5IjE5y0Jl2aZP1yvLsf0QENqQxNhjS4vq95EmYKauA30ofTwvREtPSXA==
  dependencies:
    delaunator "4"

d3-dispatch@1:
  version "1.0.6"
  resolved "https://registry.yarnpkg.com/d3-dispatch/-/d3-dispatch-1.0.6.tgz#00d37bcee4dd8cd97729dd893a0ac29caaba5d58"
  integrity sha512-fVjoElzjhCEy+Hbn8KygnmMS7Or0a9sI2UzGwoB7cCtvI1XpVN9GpoYlnb3xt2YV66oXYb1fLJ8GMvP4hdU1RA==

d3-dsv@^1.1.1:
  version "1.2.0"
  resolved "https://registry.yarnpkg.com/d3-dsv/-/d3-dsv-1.2.0.tgz#9d5f75c3a5f8abd611f74d3f5847b0d4338b885c"
  integrity sha512-9yVlqvZcSOMhCYzniHE7EVUws7Fa1zgw+/EAV2BxJoG3ME19V6BQFBwI855XQDsxyOuG7NibqRMTtiF/Qup46g==
  dependencies:
    commander "2"
    iconv-lite "0.4"
    rw "1"

d3-force@^2.0.1:
  version "2.0.1"
  resolved "https://registry.yarnpkg.com/d3-force/-/d3-force-2.0.1.tgz#31750eee8c43535301d571195bf9683beda534e2"
  integrity sha512-zh73/N6+MElRojiUG7vmn+3vltaKon7iD5vB/7r9nUaBeftXMzRo5IWEG63DLBCto4/8vr9i3m9lwr1OTJNiCg==
  dependencies:
    d3-dispatch "1"
    d3-quadtree "1"
    d3-timer "1"

d3-format@1, d3-format@^1.4.2:
  version "1.4.3"
  resolved "https://registry.yarnpkg.com/d3-format/-/d3-format-1.4.3.tgz#4e8eb4dff3fdcb891a8489ec6e698601c41b96f1"
  integrity sha512-mm/nE2Y9HgGyjP+rKIekeITVgBtX97o1nrvHCWX8F/yBYyevUTvu9vb5pUnKwrcSw7o7GuwMOWjS9gFDs4O+uQ==

d3-geo-projection@^2.7.1:
  version "2.8.1"
  resolved "https://registry.yarnpkg.com/d3-geo-projection/-/d3-geo-projection-2.8.1.tgz#80447ef6cc6ab561646d251c20f4882c81879938"
  integrity sha512-VObmT3vQQgU7IxkDwyIuOrWK4AS2OHyvucp1vHo98WE7DvAN+VcS3Pf/oKenszPfbMtHusOfQNBLEMyGHguvTg==
  dependencies:
    commander "2"
    d3-array "1"
    d3-geo "^1.10.0"
    resolve "^1.1.10"

d3-geo@^1.10.0, d3-geo@^1.11.9:
  version "1.11.9"
  resolved "https://registry.yarnpkg.com/d3-geo/-/d3-geo-1.11.9.tgz#77eaed14ba62fc2c0aef55cd2943849c866f7ae6"
  integrity sha512-9edcH6J3s/Aa3KJITWqFJbyB/8q3mMlA9Fi7z6yy+FAYMnRaxmC7jBhUnsINxVWD14GmqX3DK8uk7nV6/Ekt4A==
  dependencies:
    d3-array "1"

d3-hierarchy@^1.1.8:
  version "1.1.9"
  resolved "https://registry.yarnpkg.com/d3-hierarchy/-/d3-hierarchy-1.1.9.tgz#2f6bee24caaea43f8dc37545fa01628559647a83"
  integrity sha512-j8tPxlqh1srJHAtxfvOUwKNYJkQuBFdM1+JAUfq6xqH5eAqf93L7oG1NVqDa4CpFZNvnNKtCYEUC8KY9yEn9lQ==

d3-interpolate@^1.2.0, d3-interpolate@^1.4.0:
  version "1.4.0"
  resolved "https://registry.yarnpkg.com/d3-interpolate/-/d3-interpolate-1.4.0.tgz#526e79e2d80daa383f9e0c1c1c7dcc0f0583e987"
  integrity sha512-V9znK0zc3jOPV4VD2zZn0sDhZU3WAE2bmlxdIwwQPPzPjvyLkd8B3JUVdS1IDUFDkWZ72c9qnv1GK2ZagTZ8EA==
  dependencies:
    d3-color "1"

d3-path@1, d3-path@^1.0.9:
  version "1.0.9"
  resolved "https://registry.yarnpkg.com/d3-path/-/d3-path-1.0.9.tgz#48c050bb1fe8c262493a8caf5524e3e9591701cf"
  integrity sha512-VLaYcn81dtHVTjEHd8B+pbe9yHWpXKZUC87PzoFmsFrJqgFwDe/qxfp5MlfsfM1V5E/iVt0MmEbWQ7FVIXh/bg==

d3-quadtree@1:
  version "1.0.7"
  resolved "https://registry.yarnpkg.com/d3-quadtree/-/d3-quadtree-1.0.7.tgz#ca8b84df7bb53763fe3c2f24bd435137f4e53135"
  integrity sha512-RKPAeXnkC59IDGD0Wu5mANy0Q2V28L+fNe65pOCXVdVuTJS3WPKaJlFHer32Rbh9gIo9qMuJXio8ra4+YmIymA==

d3-scale@^3.2.1:
  version "3.2.1"
  resolved "https://registry.yarnpkg.com/d3-scale/-/d3-scale-3.2.1.tgz#da1684adce7261b4bc7a76fe193d887f0e909e69"
  integrity sha512-huz5byJO/6MPpz6Q8d4lg7GgSpTjIZW/l+1MQkzKfu2u8P6hjaXaStOpmyrD6ymKoW87d2QVFCKvSjLwjzx/rA==
  dependencies:
    d3-array "1.2.0 - 2"
    d3-format "1"
    d3-interpolate "^1.2.0"
    d3-time "1"
    d3-time-format "2"

d3-shape@^1.3.7:
  version "1.3.7"
  resolved "https://registry.yarnpkg.com/d3-shape/-/d3-shape-1.3.7.tgz#df63801be07bc986bc54f63789b4fe502992b5d7"
  integrity sha512-EUkvKjqPFUAZyOlhY5gzCxCeI0Aep04LwIRpsZ/mLFelJiUfnK56jo5JMDSE7yyP2kLSb6LtF+S5chMk7uqPqw==
  dependencies:
    d3-path "1"

d3-time-format@2, d3-time-format@^2.2.1, d3-time-format@^2.2.2:
  version "2.2.3"
  resolved "https://registry.yarnpkg.com/d3-time-format/-/d3-time-format-2.2.3.tgz#0c9a12ee28342b2037e5ea1cf0b9eb4dd75f29cb"
  integrity sha512-RAHNnD8+XvC4Zc4d2A56Uw0yJoM7bsvOlJR33bclxq399Rak/b9bhvu/InjxdWhPtkgU53JJcleJTGkNRnN6IA==
  dependencies:
    d3-time "1"

d3-time@1, d3-time@^1.1.0:
  version "1.1.0"
  resolved "https://registry.yarnpkg.com/d3-time/-/d3-time-1.1.0.tgz#b1e19d307dae9c900b7e5b25ffc5dcc249a8a0f1"
  integrity sha512-Xh0isrZ5rPYYdqhAVk8VLnMEidhz5aP7htAADH6MfzgmmicPkTo8LhkLxci61/lCB7n7UmE3bN0leRt+qvkLxA==

d3-timer@1, d3-timer@^1.0.10:
  version "1.0.10"
  resolved "https://registry.yarnpkg.com/d3-timer/-/d3-timer-1.0.10.tgz#dfe76b8a91748831b13b6d9c793ffbd508dd9de5"
  integrity sha512-B1JDm0XDaQC+uvo4DT79H0XmBskgS3l6Ve+1SBCfxgmtIb1AVrPIoqd+nPSv+loMX8szQ0sVUhGngL7D5QPiXw==

delaunator@4:
  version "4.0.1"
  resolved "https://registry.yarnpkg.com/delaunator/-/delaunator-4.0.1.tgz#3d779687f57919a7a418f8ab947d3bddb6846957"
  integrity sha512-WNPWi1IRKZfCt/qIDMfERkDp93+iZEmOxN2yy4Jg+Xhv8SLk2UTqqbe1sfiipn0and9QrE914/ihdx82Y/Giag==

fast-json-patch@^3.0.0-1:
  version "3.0.0-1"
  resolved "https://registry.yarnpkg.com/fast-json-patch/-/fast-json-patch-3.0.0-1.tgz#4c68f2e7acfbab6d29d1719c44be51899c93dabb"
  integrity sha512-6pdFb07cknxvPzCeLsFHStEy+MysPJPgZQ9LbQ/2O67unQF93SNqfdSqnPPl71YMHX+AD8gbl7iuoGFzHEdDuw==

iconv-lite@0.4:
  version "0.4.24"
  resolved "https://registry.yarnpkg.com/iconv-lite/-/iconv-lite-0.4.24.tgz#2022b4b25fbddc21d2f524974a474aafe733908b"
  integrity sha512-v3MXnZAcvnywkTUEZomIActle7RXXeedOR31wwl7VlyoXO4Qi9arvSenNQWne1TcRwhCL1HwLI21bEqdpj8/rA==
  dependencies:
    safer-buffer ">= 2.1.2 < 3"

json-stringify-pretty-compact@^2.0.0:
  version "2.0.0"
  resolved "https://registry.yarnpkg.com/json-stringify-pretty-compact/-/json-stringify-pretty-compact-2.0.0.tgz#e77c419f52ff00c45a31f07f4c820c2433143885"
  integrity sha512-WRitRfs6BGq4q8gTgOy4ek7iPFXjbra0H3PmDLKm2xnZ+Gh1HUhiKGgCZkSPNULlP7mvfu6FV/mOLhCarspADQ==

node-fetch@^2.6.0:
  version "2.6.0"
  resolved "https://registry.yarnpkg.com/node-fetch/-/node-fetch-2.6.0.tgz#e633456386d4aa55863f676a7ab0daa8fdecb0fd"
  integrity sha512-8dG4H5ujfvFiqDmVu9fQ5bOHUC15JMjMY/Zumv26oOvvVJjM67KF8koCWIabKQ1GJIa9r2mMZscBq/TbdOcmNA==

path-parse@^1.0.6:
  version "1.0.6"
  resolved "https://registry.yarnpkg.com/path-parse/-/path-parse-1.0.6.tgz#d62dbb5679405d72c4737ec58600e9ddcf06d24c"
  integrity sha512-GSmOT2EbHrINBf9SR7CDELwlJ8AENk3Qn7OikK4nFYAu3Ote2+JYNVvkpAEQm3/TLNEJFD/xZJjzyxg3KBWOzw==

resolve@^1.1.10:
  version "1.14.2"
  resolved "https://registry.yarnpkg.com/resolve/-/resolve-1.14.2.tgz#dbf31d0fa98b1f29aa5169783b9c290cb865fea2"
  integrity sha512-EjlOBLBO1kxsUxsKjLt7TAECyKW6fOh1VRkykQkKGzcBbjjPIxBqGh0jf7GJ3k/f5mxMqW3htMD3WdTUVtW8HQ==
  dependencies:
    path-parse "^1.0.6"

rw@1:
  version "1.3.3"
  resolved "https://registry.yarnpkg.com/rw/-/rw-1.3.3.tgz#3f862dfa91ab766b14885ef4d01124bfda074fb4"
  integrity sha1-P4Yt+pGrdmsUiF700BEkv9oHT7Q=

"safer-buffer@>= 2.1.2 < 3":
  version "2.1.2"
  resolved "https://registry.yarnpkg.com/safer-buffer/-/safer-buffer-2.1.2.tgz#44fa161b0187b9549dd84bb91802f9bd8385cd6a"
  integrity sha512-YZo3K82SD7Riyi0E1EQPojLz7kpepnSQI9IyPbHHg1XXXevb5dJI7tpyN2ADxGcQbHG7vcyRHk0cbwqcQriUtg==

semver@^6.3.0:
  version "6.3.0"
  resolved "https://registry.yarnpkg.com/semver/-/semver-6.3.0.tgz#ee0a64c8af5e8ceea67687b133761e1becbd1d3d"
  integrity sha512-b39TBaTSfV6yBrapU89p5fKekE2m/NwnDocOVruQFS1/veMgdzuPcnOM34M6CwxW8jH/lxEa5rBoDeUwu5HHTw==

topojson-client@^3.0.1:
  version "3.1.0"
  resolved "https://registry.yarnpkg.com/topojson-client/-/topojson-client-3.1.0.tgz#22e8b1ed08a2b922feeb4af6f53b6ef09a467b99"
  integrity sha512-605uxS6bcYxGXw9qi62XyrV6Q3xwbndjachmNxu8HWTtVPxZfEJN9fd/SZS1Q54Sn2y0TMyMxFj/cJINqGHrKw==
  dependencies:
    commander "2"

vega-canvas@^1.2.1:
  version "1.2.1"
  resolved "https://registry.yarnpkg.com/vega-canvas/-/vega-canvas-1.2.1.tgz#ee0586e2a1f096f6a5d1710df61ef501562c2bd4"
  integrity sha512-k/S3EPeJ37D7fYDhv4sEg7fNWVpLheQY7flfLyAmJU7aSwCMgw8cZJi0CKHchJeculssfH+41NCqvRB1QtaJnw==

vega-crossfilter@4.0.1:
  version "4.0.1"
  resolved "https://registry.yarnpkg.com/vega-crossfilter/-/vega-crossfilter-4.0.1.tgz#9fab0dc5445e846d732c83ac2b5a72225bc6fdf1"
  integrity sha512-wLNS4JzKaOLj8EAzI/v8XBJjUWMRWYSu6EeQF4o9Opq/78u87Ol9Lc5I27UHsww5dNNH/tHubAV4QPIXnGOp5Q==
  dependencies:
    d3-array "^2.0.3"
    vega-dataflow "^5.1.0"
    vega-util "^1.8.0"

vega-dataflow@5.5.0, vega-dataflow@^5.1.0, vega-dataflow@^5.1.1, vega-dataflow@^5.4.0, vega-dataflow@^5.4.1, vega-dataflow@^5.5.0:
  version "5.5.0"
  resolved "https://registry.yarnpkg.com/vega-dataflow/-/vega-dataflow-5.5.0.tgz#9a1ecd2eb0ff02aef53cdb87a7828eae528f8d82"
  integrity sha512-9eRe2qLpwvEegBoSaH3vdziSLMZSszY02wxVmvcFzHe57Rf/eYEr0YRuW4qc+gMmwURPYu9wtmeUTiK4XhDKXw==
  dependencies:
    vega-loader "^4.0.0"
    vega-util "^1.11.0"

vega-embed@^6.2.1:
  version "6.2.1"
  resolved "https://registry.yarnpkg.com/vega-embed/-/vega-embed-6.2.1.tgz#91da5babf0220282308664345c8bf24376e8b9b4"
  integrity sha512-KOFvOHXI8ak5R/a4ofoOGmwOEMdq34kqCfCl3xDL5tlWgb6nx3pddF+lFNpJxXx3akIXKLz78P25MdYyGyenrQ==
  dependencies:
    fast-json-patch "^3.0.0-1"
    json-stringify-pretty-compact "^2.0.0"
    semver "^6.3.0"
    vega-schema-url-parser "^1.1.0"
    vega-themes "^2.5.0"
    vega-tooltip "^0.19.1"

vega-encode@4.5.1:
  version "4.5.1"
  resolved "https://registry.yarnpkg.com/vega-encode/-/vega-encode-4.5.1.tgz#85581f230e26958e0371c85aa4a3b6cddb43bce5"
  integrity sha512-nnrXGcaJVFsjUFk+n/BPE7My1mMXNIw7eF/TSS1T+tspIj2xiGh8x5ji1Jdo+6rnHc3LMCpm4zAKL7qG/sJoGg==
  dependencies:
    d3-array "^2.4.0"
    d3-format "^1.4.2"
    d3-interpolate "^1.4.0"
    vega-dataflow "^5.5.0"
    vega-scale "^6.0.0"
    vega-time "^1.0.0"
    vega-util "^1.12.1"

vega-event-selector@2.0.2, vega-event-selector@^2.0.2:
  version "2.0.2"
  resolved "https://registry.yarnpkg.com/vega-event-selector/-/vega-event-selector-2.0.2.tgz#bb64e1cfe047c6808878038319e18af6991759d9"
  integrity sha512-Uv72vBfM0lrlI2belKHFMZuVnW2uJl2ShqWPwGSXPVe6p+PzgqoPJYC8A/i5N8B54UA4UMDzlbBeo3x7q2W9Yg==

vega-expression@2.6.3, vega-expression@^2.6.1, vega-expression@^2.6.3:
  version "2.6.3"
  resolved "https://registry.yarnpkg.com/vega-expression/-/vega-expression-2.6.3.tgz#11110922765cc495b8aebd8e05c4ec848d9f2b3b"
  integrity sha512-sME1+45BToTGsftb1Q6Ubs2iRYEoXkD2NRGnJuKS9YJ2ITzZwPHF/jy2kHW3iLpuNjj54meaO7HMQ/hUKrciUw==
  dependencies:
    vega-util "^1.11.0"

vega-force@4.0.3:
  version "4.0.3"
  resolved "https://registry.yarnpkg.com/vega-force/-/vega-force-4.0.3.tgz#33e0b03c9af60146f821007d9e7a7617fe9e8ac6"
  integrity sha512-4stItN4jD9H1CENaCz4jXRNS1Bi9cozMOUjX2824FeJENi2RZSiAZAaGbscgerZQ/jbNcOHD8PHpC2pWldEvGA==
  dependencies:
    d3-force "^2.0.1"
    vega-dataflow "^5.4.0"
    vega-util "^1.11.0"

vega-functions@5.5.1, vega-functions@^5.5.0, vega-functions@^5.5.1:
  version "5.5.1"
  resolved "https://registry.yarnpkg.com/vega-functions/-/vega-functions-5.5.1.tgz#849a7c9f19c77899c26969b6070c724cd7366131"
  integrity sha512-VTfEwf/ChSOGc4d4yUIgu2XoScky6NH06WN4vwVGY5PREhsyVPsQ+p2zqgD/N/a00EyWPHeOSHEhsPU28oIMtQ==
  dependencies:
    d3-array "^2.4.0"
    d3-color "^1.4.0"
    d3-format "^1.4.2"
    d3-geo "^1.11.9"
    d3-time-format "^2.2.2"
    vega-dataflow "^5.5.0"
    vega-expression "^2.6.3"
    vega-scale "^6.0.0"
    vega-scenegraph "^4.5.0"
    vega-selections "^5.1.0"
    vega-statistics "^1.7.1"
    vega-time "^1.0.0"
    vega-util "^1.12.1"

vega-geo@4.3.0:
  version "4.3.0"
  resolved "https://registry.yarnpkg.com/vega-geo/-/vega-geo-4.3.0.tgz#3dd5d3606f18dc839c8a430338c6a390319bf477"
  integrity sha512-Rcz4z+TR4qy727pjBWSsbMAn8eM9bDZ5MXKqo5AWuFkoj/8ngv13vafHd1tvEMTA8L5BjAW3/eTqN4tyx9KSQg==
  dependencies:
    d3-array "^2.4.0"
    d3-color "^1.4.0"
    d3-geo "^1.11.9"
    vega-canvas "^1.2.1"
    vega-dataflow "^5.1.1"
    vega-projection "^1.4.0"
    vega-statistics "^1.7.1"
    vega-util "^1.12.1"

vega-hierarchy@4.0.3:
  version "4.0.3"
  resolved "https://registry.yarnpkg.com/vega-hierarchy/-/vega-hierarchy-4.0.3.tgz#0d36bc29ad6f369fa844e3e2ce5faec983f8b047"
  integrity sha512-9wNe+KyKqZW1S4++jCC38HuAhZbqNhfY7gOvwiMLjsp65tMtRETrtvYfHkULClm3UokUIX54etAXREAGW7znbw==
  dependencies:
    d3-hierarchy "^1.1.8"
    vega-dataflow "^5.4.0"
    vega-util "^1.11.0"

vega-loader@4.1.3, vega-loader@^4.0.0, vega-loader@^4.1.3:
  version "4.1.3"
  resolved "https://registry.yarnpkg.com/vega-loader/-/vega-loader-4.1.3.tgz#8b80aa231406295bdc78725186ef863af05b9e6f"
  integrity sha512-50aetjuct4WqU7LctwnZqF/NCyya9aZ1HDQZ9unFi++62vOQgRfbXLNL/dZavqwnWX3S9i0ltCznLyFMG4ck8g==
  dependencies:
    d3-dsv "^1.1.1"
    d3-time-format "^2.2.1"
    node-fetch "^2.6.0"
    topojson-client "^3.0.1"
    vega-util "^1.11.0"

vega-parser@5.12.0:
  version "5.12.0"
  resolved "https://registry.yarnpkg.com/vega-parser/-/vega-parser-5.12.0.tgz#380fbc781649764583f5433f0be95f7f360c3f67"
  integrity sha512-sIQcWp7aqafpfELEJr+gQDsz7TlLYaHkowKhp3O/pcOdIuvqeI3IYpP2+oNpXVGi8ikcq8cJLcCUMi9oP2Xtrw==
  dependencies:
    vega-dataflow "^5.5.0"
    vega-event-selector "^2.0.2"
    vega-expression "^2.6.3"
    vega-functions "^5.5.0"
    vega-scale "^6.0.0"
    vega-util "^1.12.1"

vega-projection@1.4.0, vega-projection@^1.4.0:
  version "1.4.0"
  resolved "https://registry.yarnpkg.com/vega-projection/-/vega-projection-1.4.0.tgz#58c910b30306869132c4a26516164f8643fd1734"
  integrity sha512-Prb/E41PqZT5b+46rHv6BZLDsXMe+NFClHxJ9NbwW7mntz8aMGAHiYolVa/M2KuTLbsXVgDAPxk/aA9tbQ0SSg==
  dependencies:
    d3-geo "^1.11.9"
    d3-geo-projection "^2.7.1"

vega-regression@1.0.3:
  version "1.0.3"
  resolved "https://registry.yarnpkg.com/vega-regression/-/vega-regression-1.0.3.tgz#2209b3b347a70d91fc112315dbaab1da96274f0e"
  integrity sha512-0ZldeAevBlarWf4tFbNjeEu8SMBFb0oEL42LOEBIngVavWPkWcXcIjDn+I4LTDAdAi4NwxG28kIO6QMdApkjgA==
  dependencies:
    d3-array "^2.4.0"
    vega-dataflow "^5.4.1"
    vega-statistics "^1.7.1"
    vega-util "^1.12.1"

vega-runtime@5.0.2, vega-runtime@^5.0.2:
  version "5.0.2"
  resolved "https://registry.yarnpkg.com/vega-runtime/-/vega-runtime-5.0.2.tgz#4d7f327e05b2d4addc8b7472d49eb54f1118ff6c"
  integrity sha512-Cuv+RY6kprH+vtNERg6xP4dgcdYGD2ZnxPxJNEtGi7dmtQQTBa1s7jQ0VDXTolsO6lKJ3B7np2GzKJYwevgj1A==
  dependencies:
    vega-dataflow "^5.1.1"
    vega-util "^1.11.0"

vega-scale@6.0.0, vega-scale@^6.0.0:
  version "6.0.0"
  resolved "https://registry.yarnpkg.com/vega-scale/-/vega-scale-6.0.0.tgz#b227127b00841e9d507a3235af2f8be475f7de83"
  integrity sha512-uNJ5LC+s+XLxdO2iXC36/TLen3mMNv0wzhMZMNXa8h+Ih10geJ57sHbYYA8Z8403JC9AYTaWUe7m0H9CHgV9NA==
  dependencies:
    d3-array "^2.4.0"
    d3-interpolate "^1.4.0"
    d3-scale "^3.2.1"
    vega-util "^1.12.1"

vega-scenegraph@4.5.0, vega-scenegraph@^4.4.0, vega-scenegraph@^4.5.0:
  version "4.5.0"
  resolved "https://registry.yarnpkg.com/vega-scenegraph/-/vega-scenegraph-4.5.0.tgz#0c3126a3210c19dbc1548b23d5e9634d58177fe8"
  integrity sha512-nO1bTFwhLdkOPzJ++f8dmlMX6OLZya9c94/HZNwFRfGNfri1vXyCIudFwCJD9/h0dJ0kSWfG8ybH9wDQMcZZDw==
  dependencies:
    d3-path "^1.0.9"
    d3-shape "^1.3.7"
    vega-canvas "^1.2.1"
    vega-loader "^4.1.3"
    vega-util "^1.12.1"

vega-schema-url-parser@^1.1.0:
  version "1.1.0"
  resolved "https://registry.yarnpkg.com/vega-schema-url-parser/-/vega-schema-url-parser-1.1.0.tgz#39168ec04e5468ce278a06c16ec0d126035a85b5"
  integrity sha512-Tc85J2ofMZZOsxiqDM9sbvfsa+Vdo3GwNLjEEsPOsCDeYqsUHKAlc1IpbbhPLZ6jusyM9Lk0e1izF64GGklFDg==

vega-selections@^5.1.0:
  version "5.1.0"
  resolved "https://registry.yarnpkg.com/vega-selections/-/vega-selections-5.1.0.tgz#5cbfe4d50e404129e5613bfa6470a1cb60cf6015"
  integrity sha512-Gm+16RaCMkWbimqKh9kuIGMK91vutJsTbIDKBXxmq0c3pTvf+Djy6KfBoFsipEJ9wkwhXHSqpLqS1tExV93E9g==
  dependencies:
    vega-expression "^2.6.1"
    vega-util "^1.11.0"

vega-statistics@1.7.1, vega-statistics@^1.7.1:
  version "1.7.1"
  resolved "https://registry.yarnpkg.com/vega-statistics/-/vega-statistics-1.7.1.tgz#ce55893d0a0b94932b51175083bf4d77f8f147d4"
  integrity sha512-GuHSev71rl11Qgo4eznBn0HRXkD99rI2wtdhvgfhJ59akpQd/HQtHMK2xEC54TtmDKeFqQ1fzkQI3p+16Ladmg==
  dependencies:
    d3-array "^2.4.0"

vega-themes@^2.5.0:
  version "2.6.0"
  resolved "https://registry.yarnpkg.com/vega-themes/-/vega-themes-2.6.0.tgz#5c2f4d1a7500ce5f7b97c17f7482a914fe77b8b7"
  integrity sha512-TO9xs+xJcHD4YEQSd3G/SiLAxJyXltsgQM2scK7ZLJrPZ8bhkEdqBJWOhIQlxH7OOrUBf/RCtyUDynDTTP5WEw==

vega-time@1.0.0, vega-time@^1.0.0:
  version "1.0.0"
  resolved "https://registry.yarnpkg.com/vega-time/-/vega-time-1.0.0.tgz#5bc61ff311260cd212ccc8cbd73049bcd29b1440"
  integrity sha512-r0yOFr/VklJwD3ew1+fEcB7E0LBCLChYlwh0KoO6cTIWMdlC4KhIIUN3/FuBfUZ4qx4V/xp71xH2YYYZTH6izg==
  dependencies:
    d3-array "^2.3.3"
    d3-time "^1.1.0"
    d3-time-format "^2.2.1"
    vega-util "^1.12.0"

vega-tooltip@^0.19.1:
  version "0.19.1"
  resolved "https://registry.yarnpkg.com/vega-tooltip/-/vega-tooltip-0.19.1.tgz#b0534b90a7df21fee9e693bf4e4556312f89296e"
  integrity sha512-BNZ5T866SLOai+NZyGxg60U6hZhNINHuX313/z1TrUTeCprYLfCR1Ex4qRozY1WPY3HfxQcd5czLJMhoAFDotQ==
  dependencies:
    vega-util "^1.11.1"

vega-transforms@4.6.0:
  version "4.6.0"
  resolved "https://registry.yarnpkg.com/vega-transforms/-/vega-transforms-4.6.0.tgz#38e7b80d8ea19839773cbcae414ce97723a127cc"
  integrity sha512-5nsMMnyOME/Xe1xLNGCcQ+BS94cix9gSItHiXqU7wR50ukp5U9JoUxnfeYJkuv37FAbnFpkuYlPcBCWp55zXhQ==
  dependencies:
    d3-array "^2.4.0"
    vega-dataflow "^5.5.0"
    vega-statistics "^1.7.1"
    vega-time "^1.0.0"
    vega-util "^1.12.1"

vega-typings@0.12.0:
  version "0.12.0"
  resolved "https://registry.yarnpkg.com/vega-typings/-/vega-typings-0.12.0.tgz#bf998252b7f72bb2f22d6d5a02813e0bd3685562"
  integrity sha512-K+IoUTTtXW3E1Qhr/y+JgLRxy476viAm6DeM8IiVrA8vvuLA3FTzHaeI7TCnaWEwk9xxLJBtdVKKC5FGbp0Nyw==
  dependencies:
    vega-util "^1.12.1"

vega-util@1.12.1, vega-util@^1.11.0, vega-util@^1.11.1, vega-util@^1.12.0, vega-util@^1.12.1, vega-util@^1.8.0:
  version "1.12.1"
  resolved "https://registry.yarnpkg.com/vega-util/-/vega-util-1.12.1.tgz#ade1c27ab30e6e330d4d3a99d108d2365ac08db0"
  integrity sha512-1WrfAULiInWUfgv+xsdCknYfxg0CDl6eFZf/7bSKsyn2agrQGOAm1YXEeWqkpwnWRmwt3gPs4IfTARVFwttcIw==

vega-view-transforms@4.5.0:
  version "4.5.0"
  resolved "https://registry.yarnpkg.com/vega-view-transforms/-/vega-view-transforms-4.5.0.tgz#c358068902ee412469f8f6095e1e6cff5d3690a1"
  integrity sha512-8n52147HxNSjQ23NeHN//AWt99zZP+Ukiy4kSbkCJGPZ3dW3NYdunEYNvZWyMmOKSrHIMtgdcHUM9FmPTQpE9w==
  dependencies:
    vega-dataflow "^5.4.1"
    vega-scenegraph "^4.4.0"
    vega-util "^1.12.0"

vega-view@5.4.0:
  version "5.4.0"
  resolved "https://registry.yarnpkg.com/vega-view/-/vega-view-5.4.0.tgz#5c5cb2307b1762e9c2d78901df725bdf3d9a8133"
  integrity sha512-Q8nH93NceWJRB4/KTehOvsrpbCGGDnkjOCcNQpTsGgu6QRmgMTHtRQTHkE+LhLXMO/55zZrVR22thvMEH9r36w==
  dependencies:
    d3-array "^2.4.0"
    d3-timer "^1.0.10"
    vega-dataflow "^5.5.0"
    vega-functions "^5.5.1"
    vega-runtime "^5.0.2"
    vega-scenegraph "^4.5.0"
    vega-util "^1.12.1"

vega-voronoi@4.1.1:
  version "4.1.1"
  resolved "https://registry.yarnpkg.com/vega-voronoi/-/vega-voronoi-4.1.1.tgz#1a09f86661cf85c75581282f19ff108603893715"
  integrity sha512-agLmr+UGxJs5KB9D8GeZqxgeWWGoER/eVHPcFFPgVuoNBsrqf2bdoltmIkRnpiRsQnGCibGixhFEDCc9GGNAww==
  dependencies:
    d3-delaunay "^5.1.3"
    vega-dataflow "^5.1.1"
    vega-util "^1.11.0"

vega-wordcloud@4.0.4:
  version "4.0.4"
  resolved "https://registry.yarnpkg.com/vega-wordcloud/-/vega-wordcloud-4.0.4.tgz#9169165c652478489e43cc56e05edbe14ce3d3c3"
  integrity sha512-+FwgCKTj8JBMbBjNiVciLvjQnk+rC59uyecmlTsmtUGVZz5wyANooYcXt4xtiRu+G8ohdlJ6L/59+UFTaUR8og==
  dependencies:
    vega-canvas "^1.2.1"
    vega-dataflow "^5.4.1"
    vega-scale "^6.0.0"
    vega-statistics "^1.7.1"
    vega-util "^1.12.1"

vega@^5.9.0:
  version "5.9.0"
  resolved "https://registry.yarnpkg.com/vega/-/vega-5.9.0.tgz#22ea01b5eaf9031a10b3830e4b09d13e23fba896"
  integrity sha512-3JYSD7fsypXFKHg2sRDRHD2TLdoTSi0jxBaLlkp+ZJMqUFqxwUCNn8z3aLz1a6K660cNwFnquituiu3jB6EAhA==
  dependencies:
    vega-crossfilter "4.0.1"
    vega-dataflow "5.5.0"
    vega-encode "4.5.1"
    vega-event-selector "2.0.2"
    vega-expression "2.6.3"
    vega-force "4.0.3"
    vega-functions "5.5.1"
    vega-geo "4.3.0"
    vega-hierarchy "4.0.3"
    vega-loader "4.1.3"
    vega-parser "5.12.0"
    vega-projection "1.4.0"
    vega-regression "1.0.3"
    vega-runtime "5.0.2"
    vega-scale "6.0.0"
    vega-scenegraph "4.5.0"
    vega-statistics "1.7.1"
    vega-time "1.0.0"
    vega-transforms "4.6.0"
    vega-typings "0.12.0"
    vega-util "1.12.1"
    vega-view "5.4.0"
    vega-view-transforms "4.5.0"
    vega-voronoi "4.1.1"
    vega-wordcloud "4.0.4"
